
Microsoft Visual Studio Solution File, Format Version 12.00
# Visual Studio Version 17
VisualStudioVersion = 17.5.002.0
MinimumVisualStudioVersion = 10.0.40219.1
Project("{9A19103F-16F7-4668-BE54-9A1E7A4F7556}") = "blackjack", "blackjack.csproj", "{C2432D95-5AAA-45C5-9C79-43210317A9EC}"
EndProject
Global
	GlobalSection(SolutionConfigurationPlatforms) = preSolution
		Debug|Any CPU = Debug|Any CPU
		Release|Any CPU = Release|Any CPU
	EndGlobalSection
	GlobalSection(ProjectConfigurationPlatforms) = postSolution
		{C2432D95-5AAA-45C5-9C79-43210317A9EC}.Debug|Any CPU.ActiveCfg = Debug|Any CPU
		{C2432D95-5AAA-45C5-9C79-43210317A9EC}.Debug|Any CPU.Build.0 = Debug|Any CPU
		{C2432D95-5AAA-45C5-9C79-43210317A9EC}.Release|Any CPU.ActiveCfg = Release|Any CPU
		{C2432D95-5AAA-45C5-9C79-43210317A9EC}.Release|Any CPU.Build.0 = Release|Any CPU
	EndGlobalSection
	GlobalSection(SolutionProperties) = preSolution
		HideSolutionNode = FALSE
	EndGlobalSection
	GlobalSection(ExtensibilityGlobals) = postSolution
		SolutionGuid = {9C27F1D9-4CE5-40DD-8227-AFD653939ECA}
	EndGlobalSection
EndGlobal
